
Microsoft Visual Studio Solution File, Format Version 12.00
# Visual Studio 15
VisualStudioVersion = 15.0.27428.2037
MinimumVisualStudioVersion = 10.0.40219.1
Project("{FAE04EC0-301F-11D3-BF4B-00C04F79EFBC}") = "CollectionExtensions", "CollectionExtensions\CollectionExtensions.csproj", "{9EEB1BA9-687A-4398-ABEA-B4CB8B2BDE7A}"
EndProject
Project("{FAE04EC0-301F-11D3-BF4B-00C04F79EFBC}") = "CollectionExtensions.Test", "CollectionExtensions.Test\CollectionExtensions.Test.csproj", "{CA262F71-DBF6-4863-AC69-43EB37085B45}"
EndProject
Global
	GlobalSection(SolutionConfigurationPlatforms) = preSolution
		Debug|Any CPU = Debug|Any CPU
		Release|Any CPU = Release|Any CPU
	EndGlobalSection
	GlobalSection(ProjectConfigurationPlatforms) = postSolution
		{9EEB1BA9-687A-4398-ABEA-B4CB8B2BDE7A}.Debug|Any CPU.ActiveCfg = Debug|Any CPU
		{9EEB1BA9-687A-4398-ABEA-B4CB8B2BDE7A}.Debug|Any CPU.Build.0 = Debug|Any CPU
		{9EEB1BA9-687A-4398-ABEA-B4CB8B2BDE7A}.Release|Any CPU.ActiveCfg = Release|Any CPU
		{9EEB1BA9-687A-4398-ABEA-B4CB8B2BDE7A}.Release|Any CPU.Build.0 = Release|Any CPU
		{CA262F71-DBF6-4863-AC69-43EB37085B45}.Debug|Any CPU.ActiveCfg = Debug|Any CPU
		{CA262F71-DBF6-4863-AC69-43EB37085B45}.Debug|Any CPU.Build.0 = Debug|Any CPU
		{CA262F71-DBF6-4863-AC69-43EB37085B45}.Release|Any CPU.ActiveCfg = Release|Any CPU
		{CA262F71-DBF6-4863-AC69-43EB37085B45}.Release|Any CPU.Build.0 = Release|Any CPU
	EndGlobalSection
	GlobalSection(SolutionProperties) = preSolution
		HideSolutionNode = FALSE
	EndGlobalSection
	GlobalSection(ExtensibilityGlobals) = postSolution
		SolutionGuid = {52366C2E-CB78-46E3-89BA-13E714E286F6}
	EndGlobalSection
EndGlobal
